
Microsoft Visual Studio Solution File, Format Version 12.00
# Visual Studio Version 17
VisualStudioVersion = 17.5.002.0
MinimumVisualStudioVersion = 10.0.40219.1
Project("{9A19103F-16F7-4668-BE54-9A1E7A4F7556}") = "BasisCRUD", "BasisCRUD.csproj", "{3B3F53A7-7CFF-4A1C-8100-F2D60077378A}"
EndProject
Global
	GlobalSection(SolutionConfigurationPlatforms) = preSolution
		Debug|Any CPU = Debug|Any CPU
		Release|Any CPU = Release|Any CPU
	EndGlobalSection
	GlobalSection(ProjectConfigurationPlatforms) = postSolution
		{3B3F53A7-7CFF-4A1C-8100-F2D60077378A}.Debug|Any CPU.ActiveCfg = Debug|Any CPU
		{3B3F53A7-7CFF-4A1C-8100-F2D60077378A}.Debug|Any CPU.Build.0 = Debug|Any CPU
		{3B3F53A7-7CFF-4A1C-8100-F2D60077378A}.Release|Any CPU.ActiveCfg = Release|Any CPU
		{3B3F53A7-7CFF-4A1C-8100-F2D60077378A}.Release|Any CPU.Build.0 = Release|Any CPU
	EndGlobalSection
	GlobalSection(SolutionProperties) = preSolution
		HideSolutionNode = FALSE
	EndGlobalSection
	GlobalSection(ExtensibilityGlobals) = postSolution
		SolutionGuid = {F8DF622E-DA81-421B-B29A-82E6098047B5}
	EndGlobalSection
EndGlobal
